
Microsoft Visual Studio Solution File, Format Version 12.00
# Visual Studio Version 16
VisualStudioVersion = 16.0.31515.178
MinimumVisualStudioVersion = 10.0.40219.1
Project("{FAE04EC0-301F-11D3-BF4B-00C04F79EFBC}") = "Slang.NET", "Slang.NET\Slang.NET.csproj", "{CC3BE80B-7E78-481D-A6D8-FFEEEB3AE06B}"
EndProject
Global
	GlobalSection(SolutionConfigurationPlatforms) = preSolution
		Debug|Any CPU = Debug|Any CPU
		Release|Any CPU = Release|Any CPU
	EndGlobalSection
	GlobalSection(ProjectConfigurationPlatforms) = postSolution
		{CC3BE80B-7E78-481D-A6D8-FFEEEB3AE06B}.Debug|Any CPU.ActiveCfg = Debug|Any CPU
		{CC3BE80B-7E78-481D-A6D8-FFEEEB3AE06B}.Debug|Any CPU.Build.0 = Debug|Any CPU
		{CC3BE80B-7E78-481D-A6D8-FFEEEB3AE06B}.Release|Any CPU.ActiveCfg = Release|Any CPU
		{CC3BE80B-7E78-481D-A6D8-FFEEEB3AE06B}.Release|Any CPU.Build.0 = Release|Any CPU
	EndGlobalSection
	GlobalSection(SolutionProperties) = preSolution
		HideSolutionNode = FALSE
	EndGlobalSection
	GlobalSection(ExtensibilityGlobals) = postSolution
		SolutionGuid = {097CBA12-1F34-4887-82B2-197F7A59CB62}
	EndGlobalSection
EndGlobal
